
Microsoft Visual Studio Solution File, Format Version 12.00
# Visual Studio Version 17
VisualStudioVersion = 17.8.34511.84
MinimumVisualStudioVersion = 10.0.40219.1
Project("{FAE04EC0-301F-11D3-BF4B-00C04F79EFBC}") = "Ejercicio 21-14", "Ejercicio 21-14.csproj", "{05E32895-2E8D-4A0C-8AB5-CC879783AE3E}"
EndProject
Global
	GlobalSection(SolutionConfigurationPlatforms) = preSolution
		Debug|Any CPU = Debug|Any CPU
		Release|Any CPU = Release|Any CPU
	EndGlobalSection
	GlobalSection(ProjectConfigurationPlatforms) = postSolution
		{05E32895-2E8D-4A0C-8AB5-CC879783AE3E}.Debug|Any CPU.ActiveCfg = Debug|Any CPU
		{05E32895-2E8D-4A0C-8AB5-CC879783AE3E}.Debug|Any CPU.Build.0 = Debug|Any CPU
		{05E32895-2E8D-4A0C-8AB5-CC879783AE3E}.Release|Any CPU.ActiveCfg = Release|Any CPU
		{05E32895-2E8D-4A0C-8AB5-CC879783AE3E}.Release|Any CPU.Build.0 = Release|Any CPU
	EndGlobalSection
	GlobalSection(SolutionProperties) = preSolution
		HideSolutionNode = FALSE
	EndGlobalSection
	GlobalSection(ExtensibilityGlobals) = postSolution
		SolutionGuid = {755E2569-CA84-415D-BFF5-E277DE993AEB}
	EndGlobalSection
EndGlobal
